
Microsoft Visual Studio Solution File, Format Version 12.00
# Visual Studio Version 16
VisualStudioVersion = 16.0.29215.179
MinimumVisualStudioVersion = 10.0.40219.1
Project("{FAE04EC0-301F-11D3-BF4B-00C04F79EFBC}") = "iks-oks2", "iks-oks2\iks-oks2.csproj", "{7B1564DC-D684-4FD5-84E9-1B40DB1E3957}"
EndProject
Global
	GlobalSection(SolutionConfigurationPlatforms) = preSolution
		Debug|Any CPU = Debug|Any CPU
		Release|Any CPU = Release|Any CPU
	EndGlobalSection
	GlobalSection(ProjectConfigurationPlatforms) = postSolution
		{7B1564DC-D684-4FD5-84E9-1B40DB1E3957}.Debug|Any CPU.ActiveCfg = Debug|Any CPU
		{7B1564DC-D684-4FD5-84E9-1B40DB1E3957}.Debug|Any CPU.Build.0 = Debug|Any CPU
		{7B1564DC-D684-4FD5-84E9-1B40DB1E3957}.Release|Any CPU.ActiveCfg = Release|Any CPU
		{7B1564DC-D684-4FD5-84E9-1B40DB1E3957}.Release|Any CPU.Build.0 = Release|Any CPU
	EndGlobalSection
	GlobalSection(SolutionProperties) = preSolution
		HideSolutionNode = FALSE
	EndGlobalSection
	GlobalSection(ExtensibilityGlobals) = postSolution
		SolutionGuid = {AC2C6289-FD8F-4F6B-A58E-193BBED96226}
	EndGlobalSection
EndGlobal
